
Microsoft Visual Studio Solution File, Format Version 12.00
# Visual Studio Version 16
VisualStudioVersion = 25.0.1706.9
MinimumVisualStudioVersion = 10.0.40219.1
Project("{FAE04EC0-301F-11D3-BF4B-00C04F79EFBC}") = "Workshop_Exception", "Workshop_Exception\Workshop_Exception.csproj", "{D275FB4E-297D-46D3-9448-ACDD926C80AD}"
EndProject
Global
	GlobalSection(SolutionConfigurationPlatforms) = preSolution
		Debug|Any CPU = Debug|Any CPU
		Release|Any CPU = Release|Any CPU
	EndGlobalSection
	GlobalSection(ProjectConfigurationPlatforms) = postSolution
		{D275FB4E-297D-46D3-9448-ACDD926C80AD}.Debug|Any CPU.ActiveCfg = Debug|Any CPU
		{D275FB4E-297D-46D3-9448-ACDD926C80AD}.Debug|Any CPU.Build.0 = Debug|Any CPU
		{D275FB4E-297D-46D3-9448-ACDD926C80AD}.Release|Any CPU.ActiveCfg = Release|Any CPU
		{D275FB4E-297D-46D3-9448-ACDD926C80AD}.Release|Any CPU.Build.0 = Release|Any CPU
	EndGlobalSection
	GlobalSection(SolutionProperties) = preSolution
		HideSolutionNode = FALSE
	EndGlobalSection
	GlobalSection(ExtensibilityGlobals) = postSolution
		SolutionGuid = {4880D1E0-AE55-4812-9C43-C71DC1A5D0A2}
	EndGlobalSection
EndGlobal
