
Microsoft Visual Studio Solution File, Format Version 12.00
# Visual Studio Version 16
VisualStudioVersion = 25.0.1706.9
MinimumVisualStudioVersion = 10.0.40219.1
Project("{FAE04EC0-301F-11D3-BF4B-00C04F79EFBC}") = "Workshop_Object", "Workshop_Object\Workshop_Object.csproj", "{2E1B7899-CC53-41E7-8833-1061706C8E27}"
EndProject
Global
	GlobalSection(SolutionConfigurationPlatforms) = preSolution
		Debug|Any CPU = Debug|Any CPU
		Release|Any CPU = Release|Any CPU
	EndGlobalSection
	GlobalSection(ProjectConfigurationPlatforms) = postSolution
		{2E1B7899-CC53-41E7-8833-1061706C8E27}.Debug|Any CPU.ActiveCfg = Debug|Any CPU
		{2E1B7899-CC53-41E7-8833-1061706C8E27}.Debug|Any CPU.Build.0 = Debug|Any CPU
		{2E1B7899-CC53-41E7-8833-1061706C8E27}.Release|Any CPU.ActiveCfg = Release|Any CPU
		{2E1B7899-CC53-41E7-8833-1061706C8E27}.Release|Any CPU.Build.0 = Release|Any CPU
	EndGlobalSection
	GlobalSection(SolutionProperties) = preSolution
		HideSolutionNode = FALSE
	EndGlobalSection
	GlobalSection(ExtensibilityGlobals) = postSolution
		SolutionGuid = {F8E0456A-4FA9-40A3-B113-2C9E57EA04DF}
	EndGlobalSection
EndGlobal
